github.com/creack/pty v1.1.9/go.mod h1:oKZEueFk5CKHvIhNR5MUki03XCEU+Q6VDXinZuGJ33E=
github.com/davidjspooner/go-fs v0.0.0-20250906111439-a8a3034b1f2b h1:sr7CRq7Hc/V93d6O92hyngs6e7BPSATFZ6ReamyOuMU=
github.com/davidjspooner/go-fs v0.0.0-20250906111439-a8a3034b1f2b/go.mod h1:RksWwou322X8mvSDxvSooCYiAXqintv7UVyNxDGKwDY=
github.com/davidjspooner/go-http-client v0.0.0-20250615171724-82c6219a0df7 h1:w0qJOB8NIMWncpK2nsDZZ5Fgk1hJzRKhWKxHTvxFpdw=
github.com/davidjspooner/go-http-client v0.0.0-20250615171724-82c6219a0df7/go.mod h1:m/JFvF0oTlqpOqDtQgbilLA+zmCYa1xl97cnLczzlkk=
github.com/davidjspooner/go-http-server v0.0.0-20250608225257-63e70b212779 h1:kOQTTfQDtH7kEcWSQTYM3Blui7pPtBN2NH3IkBT1RdI=
github.com/davidjspooner/go-http-server v0.0.0-20250608225257-63e70b212779/go.mod h1:PB+8vU05QulnzGTUOZ9VLWDrhN3yC3iGLsoYQAlzsvI=
github.com/davidjspooner/go-resource-path v0.0.0-20250531073340-4f50db78c1d8 h1:ycfMXisrY8FFOOLzLbU+L2bLFdJDuVKLnI60N84H4YI=
github.com/davidjspooner/go-resource-path v0.0.0-20250531073340-4f50db78c1d8/go.mod h1:k2wsTCgmup/Ai0d7c8hZYwQvxFaLQnbfCsRfyq3Vjzk=
github.com/davidjspooner/go-text-cli v0.0.8 h1:yp/Wv7eXx4w/cw5wB3SAYGWA5Od7b0NvqVc+nFRtrRo=
github.com/davidjspooner/go-text-cli v0.0.8/go.mod h1:LuXSCWfIap/2bqTBBQckgSIYyTnyohp3jFHW+UrQSZU=
github.com/kr/pretty v0.2.1/go.mod h1:ipq/a2n7PKx3OHsz4KJII5eveXtPO4qwEXGdVfWzfnI=
github.com/kr/pretty v0.3.1 h1:flRD4NNwYAUpkphVc1HcthR4KEIFJ65n8Mw5qdRn3LE=
github.com/kr/pretty v0.3.1/go.mod h1:hoEshYVHaxMs3cyo3Yncou5ZscifuDolrwPKZanG3xk=
github.com/kr/pty v1.1.1/go.mod h1:pFQYn66WHrOpPYNljwOMqo10TkYh1fy3cYio2l3bCsQ=
github.com/kr/text v0.1.0/go.mod h1:4Jbv+DJW3UT/LiOwJeYQe1efqtUx/iVham/4vfdArNI=
github.com/kr/text v0.2.0 h1:5Nx0Ya0ZqY2ygV366QzturHI13Jq95ApcVaJBhpS+AY=
github.com/kr/text v0.2.0/go.mod h1:eLer722TekiGuMkidMxC/pM04lWEeraHUUmBw8l2grE=
github.com/pkg/diff v0.0.0-20210226163009-20ebb0f2a09e/go.mod h1:pJLUxLENpZxwdsKMEsNbx1VGcRFpLqf3715MtcvvzbA=
github.com/rogpeppe/go-internal v1.9.0/go.mod h1:WtVeX8xhTBvf0smdhujwtBcq4Qrzq/fJaraNFVN+nFs=
github.com/rogpeppe/go-internal v1.10.0 h1:TMyTOH3F/DB16zRVcYyreMH6GnZZrwQVAoYjRBZyWFQ=
github.com/rogpeppe/go-internal v1.10.0/go.mod h1:UQnix2H7Ngw/k4C5ijL5+65zddjncjaFoBhdsK/akog=
gopkg.in/check.v1 v0.0.0-20161208181325-20d25e280405/go.mod h1:Co6ibVJAznAaIkqp8huTwlJQCZ016jof/cbN4VW5Yz0=
gopkg.in/check.v1 v1.0.0-20201130134442-10cb98267c6c h1:Hei/4ADfdWqJk1ZMxUNpqntNwaWcugrBjAiHlqqRiVk=
gopkg.in/check.v1 v1.0.0-20201130134442-10cb98267c6c/go.mod h1:JHkPIbrfpd72SG/EVd6muEfDQjcINNoR0C8j2r3qZ4Q=
gopkg.in/yaml.v3 v3.0.1 h1:fxVm/GzAzEWqLHuvctI91KS9hhNmmWOoWu0XTYJS7CA=
gopkg.in/yaml.v3 v3.0.1/go.mod h1:K4uyk7z7BCEPqu6E+C64Yfv1cQ7kz7rIZviUmN+EgEM=
